
Microsoft Visual Studio Solution File, Format Version 12.00
# Visual Studio Version 16
VisualStudioVersion = 16.0.31112.23
MinimumVisualStudioVersion = 10.0.40219.1
Project("{9A19103F-16F7-4668-BE54-9A1E7A4F7556}") = "MB.Domain", "MB.Domain\MB.Domain.csproj", "{828FF364-7373-474D-B95B-B0B6EBD4D811}"
EndProject
Project("{9A19103F-16F7-4668-BE54-9A1E7A4F7556}") = "MB.Application", "MB.Application\MB.Application.csproj", "{5D998275-70FE-4943-9576-F6C35840733A}"
EndProject
Project("{9A19103F-16F7-4668-BE54-9A1E7A4F7556}") = "MB.Application.Contracts", "MB.Application.Contracts\MB.Application.Contracts.csproj", "{D49A6F7A-C80B-4DAB-959A-BBBCCF1B0FDE}"
EndProject
Project("{9A19103F-16F7-4668-BE54-9A1E7A4F7556}") = "MB.Infrastructure.EfCore", "MB.Infrastructure.EfCore\MB.Infrastructure.EfCore.csproj", "{E037D145-1E58-426B-A291-BEEED14BA216}"
EndProject
Project("{9A19103F-16F7-4668-BE54-9A1E7A4F7556}") = "MB.Presentation.Razor", "MB.Presentation.Razor\MB.Presentation.Razor.csproj", "{5E093E86-A5ED-45FC-ABB0-B75DE39204B2}"
EndProject
Project("{9A19103F-16F7-4668-BE54-9A1E7A4F7556}") = "MB.Infrastructure.Core", "MB.Infrastructure.Core\MB.Infrastructure.Core.csproj", "{26489DF7-4300-4E50-A8B4-6C48ED39A1B5}"
EndProject
Project("{9A19103F-16F7-4668-BE54-9A1E7A4F7556}") = "MB.Infrastructure.View", "MB.Infrastructure.View\MB.Infrastructure.View.csproj", "{9859E509-A10C-434C-971A-C0021E68F235}"
EndProject
Project("{FAE04EC0-301F-11D3-BF4B-00C04F79EFBC}") = "Base_FrameWork", "Base_FrameWork\Base_FrameWork.csproj", "{785CC952-1B50-4F11-94ED-0EDE2EA7FE70}"
EndProject
Global
	GlobalSection(SolutionConfigurationPlatforms) = preSolution
		Debug|Any CPU = Debug|Any CPU
		Release|Any CPU = Release|Any CPU
	EndGlobalSection
	GlobalSection(ProjectConfigurationPlatforms) = postSolution
		{828FF364-7373-474D-B95B-B0B6EBD4D811}.Debug|Any CPU.ActiveCfg = Debug|Any CPU
		{828FF364-7373-474D-B95B-B0B6EBD4D811}.Debug|Any CPU.Build.0 = Debug|Any CPU
		{828FF364-7373-474D-B95B-B0B6EBD4D811}.Release|Any CPU.ActiveCfg = Release|Any CPU
		{828FF364-7373-474D-B95B-B0B6EBD4D811}.Release|Any CPU.Build.0 = Release|Any CPU
		{5D998275-70FE-4943-9576-F6C35840733A}.Debug|Any CPU.ActiveCfg = Debug|Any CPU
		{5D998275-70FE-4943-9576-F6C35840733A}.Debug|Any CPU.Build.0 = Debug|Any CPU
		{5D998275-70FE-4943-9576-F6C35840733A}.Release|Any CPU.ActiveCfg = Release|Any CPU
		{5D998275-70FE-4943-9576-F6C35840733A}.Release|Any CPU.Build.0 = Release|Any CPU
		{D49A6F7A-C80B-4DAB-959A-BBBCCF1B0FDE}.Debug|Any CPU.ActiveCfg = Debug|Any CPU
		{D49A6F7A-C80B-4DAB-959A-BBBCCF1B0FDE}.Debug|Any CPU.Build.0 = Debug|Any CPU
		{D49A6F7A-C80B-4DAB-959A-BBBCCF1B0FDE}.Release|Any CPU.ActiveCfg = Release|Any CPU
		{D49A6F7A-C80B-4DAB-959A-BBBCCF1B0FDE}.Release|Any CPU.Build.0 = Release|Any CPU
		{E037D145-1E58-426B-A291-BEEED14BA216}.Debug|Any CPU.ActiveCfg = Debug|Any CPU
		{E037D145-1E58-426B-A291-BEEED14BA216}.Debug|Any CPU.Build.0 = Debug|Any CPU
		{E037D145-1E58-426B-A291-BEEED14BA216}.Release|Any CPU.ActiveCfg = Release|Any CPU
		{E037D145-1E58-426B-A291-BEEED14BA216}.Release|Any CPU.Build.0 = Release|Any CPU
		{5E093E86-A5ED-45FC-ABB0-B75DE39204B2}.Debug|Any CPU.ActiveCfg = Debug|Any CPU
		{5E093E86-A5ED-45FC-ABB0-B75DE39204B2}.Debug|Any CPU.Build.0 = Debug|Any CPU
		{5E093E86-A5ED-45FC-ABB0-B75DE39204B2}.Release|Any CPU.ActiveCfg = Release|Any CPU
		{5E093E86-A5ED-45FC-ABB0-B75DE39204B2}.Release|Any CPU.Build.0 = Release|Any CPU
		{26489DF7-4300-4E50-A8B4-6C48ED39A1B5}.Debug|Any CPU.ActiveCfg = Debug|Any CPU
		{26489DF7-4300-4E50-A8B4-6C48ED39A1B5}.Debug|Any CPU.Build.0 = Debug|Any CPU
		{26489DF7-4300-4E50-A8B4-6C48ED39A1B5}.Release|Any CPU.ActiveCfg = Release|Any CPU
		{26489DF7-4300-4E50-A8B4-6C48ED39A1B5}.Release|Any CPU.Build.0 = Release|Any CPU
		{9859E509-A10C-434C-971A-C0021E68F235}.Debug|Any CPU.ActiveCfg = Debug|Any CPU
		{9859E509-A10C-434C-971A-C0021E68F235}.Debug|Any CPU.Build.0 = Debug|Any CPU
		{9859E509-A10C-434C-971A-C0021E68F235}.Release|Any CPU.ActiveCfg = Release|Any CPU
		{9859E509-A10C-434C-971A-C0021E68F235}.Release|Any CPU.Build.0 = Release|Any CPU
		{785CC952-1B50-4F11-94ED-0EDE2EA7FE70}.Debug|Any CPU.ActiveCfg = Debug|Any CPU
		{785CC952-1B50-4F11-94ED-0EDE2EA7FE70}.Debug|Any CPU.Build.0 = Debug|Any CPU
		{785CC952-1B50-4F11-94ED-0EDE2EA7FE70}.Release|Any CPU.ActiveCfg = Release|Any CPU
		{785CC952-1B50-4F11-94ED-0EDE2EA7FE70}.Release|Any CPU.Build.0 = Release|Any CPU
	EndGlobalSection
	GlobalSection(SolutionProperties) = preSolution
		HideSolutionNode = FALSE
	EndGlobalSection
	GlobalSection(ExtensibilityGlobals) = postSolution
		SolutionGuid = {5FC8A25C-300C-4C8A-89B3-33993C7A5B23}
	EndGlobalSection
EndGlobal
